<?xml version="1.0" encoding="utf-8"?>
<Project ToolsVersion="4.0" xmlns="http://schemas.microsoft.com/developer/msbuild/2003">
  <ItemGroup>
    <Filter Include="Source Files">
      <UniqueIdentifier>{4FC737F1-C7A5-4376-A066-2A32D752A2FF}</UniqueIdentifier>
      <Extensions>cpp;c;cc;cxx;c++;cppm;ixx;def;odl;idl;hpj;bat;asm;asmx</Extensions>
    </Filter>
    <Filter Include="Header Files">
      <UniqueIdentifier>{93995380-89BD-4b04-88EB-625FBE52EBFB}</UniqueIdentifier>
      <Extensions>h;hh;hpp;hxx;h++;hm;inl;inc;ipp;xsd</Extensions>
    </Filter>
    <Filter Include="Resource Files">
      <UniqueIdentifier>{67DA6AB6-F800-4c08-8B7A-83BB121AAD01}</UniqueIdentifier>
      <Extensions>rc;ico;cur;bmp;dlg;rc2;rct;bin;rgs;gif;jpg;jpeg;jpe;resx;tiff;tif;png;wav;mfcribbon-ms</Extensions>
    </Filter>
  </ItemGroup>
  <ItemGroup>
    <ClCompile Include="src\DataNode\DataNode.cc">
      <Filter>Source Files</Filter>
    </ClCompile>
    <ClCompile Include="src\DataNode\DataNodeConfig.cc">
      <Filter>Source Files</Filter>
    </ClCompile>
    <ClCompile Include="src\DataNode\DataNodeExecutor.cc">
      <Filter>Source Files</Filter>
    </ClCompile>
    <ClCompile Include="src\DataNode\DataNodeSession.cc">
      <Filter>Source Files</Filter>
    </ClCompile>
    <ClCompile Include="src\DataNode\DataNodeSessionHandlers.cc">
      <Filter>Source Files</Filter>
    </ClCompile>
    <ClCompile Include="src\NameNode\NameNode.cc">
      <Filter>Source Files</Filter>
    </ClCompile>
    <ClCompile Include="src\NameNode\NameNodeConfig.cc">
      <Filter>Source Files</Filter>
    </ClCompile>
    <ClCompile Include="src\NameNode\NameNodeSession.cc">
      <Filter>Source Files</Filter>
    </ClCompile>
    <ClCompile Include="src\NameNode\NameNodeSessionHandlers.cc">
      <Filter>Source Files</Filter>
    </ClCompile>
    <ClCompile Include="src\Buffer.cc">
      <Filter>Source Files</Filter>
    </ClCompile>
    <ClCompile Include="src\DBBase.cc">
      <Filter>Source Files</Filter>
    </ClCompile>
    <ClCompile Include="src\FileDesc.cc">
      <Filter>Source Files</Filter>
    </ClCompile>
    <ClCompile Include="src\FS.cc">
      <Filter>Source Files</Filter>
    </ClCompile>
    <ClCompile Include="src\GroupDesc.cc">
      <Filter>Source Files</Filter>
    </ClCompile>
    <ClCompile Include="src\HostDesc.cc">
      <Filter>Source Files</Filter>
    </ClCompile>
    <ClCompile Include="src\SessionBase.cc">
      <Filter>Source Files</Filter>
    </ClCompile>
    <ClCompile Include="src\UserDesc.cc">
      <Filter>Source Files</Filter>
    </ClCompile>
    <ClCompile Include="src\Conn.cc">
      <Filter>Source Files</Filter>
    </ClCompile>
    <ClCompile Include="src\NameNodeConn\NameNodeConn.cc">
      <Filter>Source Files</Filter>
    </ClCompile>
    <ClCompile Include="src\DataNodeConn\DataNodeConn.cc">
      <Filter>Source Files</Filter>
    </ClCompile>
  </ItemGroup>
  <ItemGroup>
    <ClInclude Include="src\DataNode\DataNode.h">
      <Filter>Header Files</Filter>
    </ClInclude>
    <ClInclude Include="src\DataNode\DataNodeConfig.h">
      <Filter>Header Files</Filter>
    </ClInclude>
    <ClInclude Include="src\DataNode\DataNodeExecutor.h">
      <Filter>Header Files</Filter>
    </ClInclude>
    <ClInclude Include="src\DataNode\DataNodeSession.h">
      <Filter>Header Files</Filter>
    </ClInclude>
    <ClInclude Include="src\DataNode\OpenFileHandler.h">
      <Filter>Header Files</Filter>
    </ClInclude>
    <ClInclude Include="src\Msg\DataNode\MsgChmod.h">
      <Filter>Header Files</Filter>
    </ClInclude>
    <ClInclude Include="src\Msg\DataNode\MsgChown.h">
      <Filter>Header Files</Filter>
    </ClInclude>
    <ClInclude Include="src\Msg\DataNode\MsgClose.h">
      <Filter>Header Files</Filter>
    </ClInclude>
    <ClInclude Include="src\Msg\DataNode\MsgLogin.h">
      <Filter>Header Files</Filter>
    </ClInclude>
    <ClInclude Include="src\Msg\DataNode\MsgLs.h">
      <Filter>Header Files</Filter>
    </ClInclude>
    <ClInclude Include="src\Msg\DataNode\MsgMkdir.h">
      <Filter>Header Files</Filter>
    </ClInclude>
    <ClInclude Include="src\Msg\DataNode\MsgOpen.h">
      <Filter>Header Files</Filter>
    </ClInclude>
    <ClInclude Include="src\Msg\DataNode\MsgPerm.h">
      <Filter>Header Files</Filter>
    </ClInclude>
    <ClInclude Include="src\Msg\DataNode\MsgRead.h">
      <Filter>Header Files</Filter>
    </ClInclude>
    <ClInclude Include="src\Msg\DataNode\MsgRm.h">
      <Filter>Header Files</Filter>
    </ClInclude>
    <ClInclude Include="src\Msg\DataNode\MsgWrite.h">
      <Filter>Header Files</Filter>
    </ClInclude>
    <ClInclude Include="src\Msg\NameNode\MsgAccount.h">
      <Filter>Header Files</Filter>
    </ClInclude>
    <ClInclude Include="src\Msg\NameNode\MsgHost.h">
      <Filter>Header Files</Filter>
    </ClInclude>
    <ClInclude Include="src\Msg\Msg.h">
      <Filter>Header Files</Filter>
    </ClInclude>
    <ClInclude Include="src\NameNode\NameNode.h">
      <Filter>Header Files</Filter>
    </ClInclude>
    <ClInclude Include="src\NameNode\NameNodeConfig.h">
      <Filter>Header Files</Filter>
    </ClInclude>
    <ClInclude Include="src\NameNode\NameNodeSession.h">
      <Filter>Header Files</Filter>
    </ClInclude>
    <ClInclude Include="src\Buffer.h">
      <Filter>Header Files</Filter>
    </ClInclude>
    <ClInclude Include="src\DBBase.h">
      <Filter>Header Files</Filter>
    </ClInclude>
    <ClInclude Include="src\Error.h">
      <Filter>Header Files</Filter>
    </ClInclude>
    <ClInclude Include="src\FileDesc.h">
      <Filter>Header Files</Filter>
    </ClInclude>
    <ClInclude Include="src\FS.h">
      <Filter>Header Files</Filter>
    </ClInclude>
    <ClInclude Include="src\GroupDesc.h">
      <Filter>Header Files</Filter>
    </ClInclude>
    <ClInclude Include="src\HostDesc.h">
      <Filter>Header Files</Filter>
    </ClInclude>
    <ClInclude Include="src\Serialize.h">
      <Filter>Header Files</Filter>
    </ClInclude>
    <ClInclude Include="src\ServerBase.h">
      <Filter>Header Files</Filter>
    </ClInclude>
    <ClInclude Include="src\SessionBase.h">
      <Filter>Header Files</Filter>
    </ClInclude>
    <ClInclude Include="src\UserDesc.h">
      <Filter>Header Files</Filter>
    </ClInclude>
    <ClInclude Include="src\Util.h">
      <Filter>Header Files</Filter>
    </ClInclude>
    <ClInclude Include="src\Conn.h">
      <Filter>Header Files</Filter>
    </ClInclude>
    <ClInclude Include="src\NameNodeConn\NameNodeConn.h">
      <Filter>Header Files</Filter>
    </ClInclude>
    <ClInclude Include="src\DataNodeConn\DataNodeConn.h">
      <Filter>Header Files</Filter>
    </ClInclude>
    <ClInclude Include="src\Msg\DataNode\MsgGetFileDesc.h">
      <Filter>Header Files</Filter>
    </ClInclude>
    <ClInclude Include="src\Msg\DataNode\MsgReadOffset.h">
      <Filter>Header Files</Filter>
    </ClInclude>
    <ClInclude Include="src\Msg\DataNode\MsgWriteOffset.h">
      <Filter>Header Files</Filter>
    </ClInclude>
    <ClInclude Include="src\Msg\DataNode\MsgOpenOffset.h">
      <Filter>Header Files</Filter>
    </ClInclude>
  </ItemGroup>
</Project>